
Microsoft Visual Studio Solution File, Format Version 12.00
# Visual Studio Version 17
VisualStudioVersion = 17.5.002.0
MinimumVisualStudioVersion = 10.0.40219.1
Project("{9A19103F-16F7-4668-BE54-9A1E7A4F7556}") = "Structural_Adapter", "Structural_Adapter.csproj", "{874C1C2F-F616-40A5-AD49-34A6F00577DE}"
EndProject
Global
	GlobalSection(SolutionConfigurationPlatforms) = preSolution
		Debug|Any CPU = Debug|Any CPU
		Release|Any CPU = Release|Any CPU
	EndGlobalSection
	GlobalSection(ProjectConfigurationPlatforms) = postSolution
		{874C1C2F-F616-40A5-AD49-34A6F00577DE}.Debug|Any CPU.ActiveCfg = Debug|Any CPU
		{874C1C2F-F616-40A5-AD49-34A6F00577DE}.Debug|Any CPU.Build.0 = Debug|Any CPU
		{874C1C2F-F616-40A5-AD49-34A6F00577DE}.Release|Any CPU.ActiveCfg = Release|Any CPU
		{874C1C2F-F616-40A5-AD49-34A6F00577DE}.Release|Any CPU.Build.0 = Release|Any CPU
	EndGlobalSection
	GlobalSection(SolutionProperties) = preSolution
		HideSolutionNode = FALSE
	EndGlobalSection
	GlobalSection(ExtensibilityGlobals) = postSolution
		SolutionGuid = {AF53D5F8-9C1C-4E74-916E-A5A5691A7012}
	EndGlobalSection
EndGlobal
